
Microsoft Visual Studio Solution File, Format Version 12.00
# Visual Studio 15
VisualStudioVersion = 15.0.28307.1758
MinimumVisualStudioVersion = 10.0.40219.1
Project("{FAE04EC0-301F-11D3-BF4B-00C04F79EFBC}") = "Lab11", "Lab11\Lab11.csproj", "{D544E78E-9930-4C6B-9EFE-1C1025C6B38C}"
EndProject
Project("{FAE04EC0-301F-11D3-BF4B-00C04F79EFBC}") = "Lab11Tests", "Lab11Tests\Lab11Tests.csproj", "{862CAEC9-0B43-425E-A0D9-17D338C196B1}"
EndProject
Global
	GlobalSection(SolutionConfigurationPlatforms) = preSolution
		Debug|Any CPU = Debug|Any CPU
		Release|Any CPU = Release|Any CPU
	EndGlobalSection
	GlobalSection(ProjectConfigurationPlatforms) = postSolution
		{D544E78E-9930-4C6B-9EFE-1C1025C6B38C}.Debug|Any CPU.ActiveCfg = Debug|Any CPU
		{D544E78E-9930-4C6B-9EFE-1C1025C6B38C}.Debug|Any CPU.Build.0 = Debug|Any CPU
		{D544E78E-9930-4C6B-9EFE-1C1025C6B38C}.Release|Any CPU.ActiveCfg = Release|Any CPU
		{D544E78E-9930-4C6B-9EFE-1C1025C6B38C}.Release|Any CPU.Build.0 = Release|Any CPU
		{862CAEC9-0B43-425E-A0D9-17D338C196B1}.Debug|Any CPU.ActiveCfg = Debug|Any CPU
		{862CAEC9-0B43-425E-A0D9-17D338C196B1}.Debug|Any CPU.Build.0 = Debug|Any CPU
		{862CAEC9-0B43-425E-A0D9-17D338C196B1}.Release|Any CPU.ActiveCfg = Release|Any CPU
		{862CAEC9-0B43-425E-A0D9-17D338C196B1}.Release|Any CPU.Build.0 = Release|Any CPU
	EndGlobalSection
	GlobalSection(SolutionProperties) = preSolution
		HideSolutionNode = FALSE
	EndGlobalSection
	GlobalSection(ExtensibilityGlobals) = postSolution
		SolutionGuid = {2567058D-96BF-4E65-9B4D-0003C1D52434}
	EndGlobalSection
EndGlobal
